
Microsoft Visual Studio Solution File, Format Version 12.00
# Visual Studio Version 17
VisualStudioVersion = 17.3.32929.385
MinimumVisualStudioVersion = 10.0.40219.1
Project("{9A19103F-16F7-4668-BE54-9A1E7A4F7556}") = "FreeboxOS", "FreeboxOS\FreeboxOS.csproj", "{7C65A8E5-4431-44A1-A0B8-F8048FB9A1FD}"
EndProject
Project("{9A19103F-16F7-4668-BE54-9A1E7A4F7556}") = "Test", "Test\Test.csproj", "{B4A20E10-7C5F-4211-B971-AF0C34459D86}"
EndProject
Project("{2150E333-8FDC-42A3-9474-1A3956D46DE8}") = "Solution Items", "Solution Items", "{88EBFC2E-057A-475C-809B-62A212101221}"
	ProjectSection(SolutionItems) = preProject
		.editorconfig = .editorconfig
		.gitignore = .gitignore
		LICENSE = LICENSE
	EndProjectSection
EndProject
Project("{9A19103F-16F7-4668-BE54-9A1E7A4F7556}") = "Test.Android", "Test.Android\Test.Android.csproj", "{9D7157F6-5E01-4920-AEF2-832D1640A34A}"
EndProject
Global
	GlobalSection(SolutionConfigurationPlatforms) = preSolution
		Debug|Any CPU = Debug|Any CPU
		Release|Any CPU = Release|Any CPU
	EndGlobalSection
	GlobalSection(ProjectConfigurationPlatforms) = postSolution
		{7C65A8E5-4431-44A1-A0B8-F8048FB9A1FD}.Debug|Any CPU.ActiveCfg = Debug|Any CPU
		{7C65A8E5-4431-44A1-A0B8-F8048FB9A1FD}.Debug|Any CPU.Build.0 = Debug|Any CPU
		{7C65A8E5-4431-44A1-A0B8-F8048FB9A1FD}.Release|Any CPU.ActiveCfg = Release|Any CPU
		{7C65A8E5-4431-44A1-A0B8-F8048FB9A1FD}.Release|Any CPU.Build.0 = Release|Any CPU
		{B4A20E10-7C5F-4211-B971-AF0C34459D86}.Debug|Any CPU.ActiveCfg = Debug|Any CPU
		{B4A20E10-7C5F-4211-B971-AF0C34459D86}.Debug|Any CPU.Build.0 = Debug|Any CPU
		{B4A20E10-7C5F-4211-B971-AF0C34459D86}.Release|Any CPU.ActiveCfg = Release|Any CPU
		{B4A20E10-7C5F-4211-B971-AF0C34459D86}.Release|Any CPU.Build.0 = Release|Any CPU
		{9D7157F6-5E01-4920-AEF2-832D1640A34A}.Debug|Any CPU.ActiveCfg = Debug|Any CPU
		{9D7157F6-5E01-4920-AEF2-832D1640A34A}.Debug|Any CPU.Build.0 = Debug|Any CPU
		{9D7157F6-5E01-4920-AEF2-832D1640A34A}.Debug|Any CPU.Deploy.0 = Debug|Any CPU
		{9D7157F6-5E01-4920-AEF2-832D1640A34A}.Release|Any CPU.ActiveCfg = Release|Any CPU
		{9D7157F6-5E01-4920-AEF2-832D1640A34A}.Release|Any CPU.Build.0 = Release|Any CPU
		{9D7157F6-5E01-4920-AEF2-832D1640A34A}.Release|Any CPU.Deploy.0 = Release|Any CPU
	EndGlobalSection
	GlobalSection(SolutionProperties) = preSolution
		HideSolutionNode = FALSE
	EndGlobalSection
	GlobalSection(ExtensibilityGlobals) = postSolution
		SolutionGuid = {29BEE583-653B-42EA-8240-79B30BE1DEBB}
	EndGlobalSection
EndGlobal
